
Microsoft Visual Studio Solution File, Format Version 12.00
# Visual Studio 14
VisualStudioVersion = 14.0.25123.0
MinimumVisualStudioVersion = 10.0.40219.1
Project("{FAE04EC0-301F-11D3-BF4B-00C04F79EFBC}") = "BlogSystem.WebApp", "BlogSystem.WebApp\BlogSystem.WebApp.csproj", "{CBCF32A6-D175-4C3D-BECB-4B525DF56D28}"
EndProject
Project("{FAE04EC0-301F-11D3-BF4B-00C04F79EFBC}") = "BlogSystem.Data", "BlogSystem.Data\BlogSystem.Data.csproj", "{B2F2F519-0E43-4A44-A6E9-59F8976F99C2}"
EndProject
Project("{FAE04EC0-301F-11D3-BF4B-00C04F79EFBC}") = "BlogSystem.Models", "BlogSystem.Models\BlogSystem.Models.csproj", "{3A87E315-A1CD-40E8-AD90-5E7CDC687524}"
EndProject
Global
	GlobalSection(SolutionConfigurationPlatforms) = preSolution
		Debug|Any CPU = Debug|Any CPU
		Release|Any CPU = Release|Any CPU
	EndGlobalSection
	GlobalSection(ProjectConfigurationPlatforms) = postSolution
		{CBCF32A6-D175-4C3D-BECB-4B525DF56D28}.Debug|Any CPU.ActiveCfg = Debug|Any CPU
		{CBCF32A6-D175-4C3D-BECB-4B525DF56D28}.Debug|Any CPU.Build.0 = Debug|Any CPU
		{CBCF32A6-D175-4C3D-BECB-4B525DF56D28}.Release|Any CPU.ActiveCfg = Release|Any CPU
		{CBCF32A6-D175-4C3D-BECB-4B525DF56D28}.Release|Any CPU.Build.0 = Release|Any CPU
		{B2F2F519-0E43-4A44-A6E9-59F8976F99C2}.Debug|Any CPU.ActiveCfg = Debug|Any CPU
		{B2F2F519-0E43-4A44-A6E9-59F8976F99C2}.Debug|Any CPU.Build.0 = Debug|Any CPU
		{B2F2F519-0E43-4A44-A6E9-59F8976F99C2}.Release|Any CPU.ActiveCfg = Release|Any CPU
		{B2F2F519-0E43-4A44-A6E9-59F8976F99C2}.Release|Any CPU.Build.0 = Release|Any CPU
		{3A87E315-A1CD-40E8-AD90-5E7CDC687524}.Debug|Any CPU.ActiveCfg = Debug|Any CPU
		{3A87E315-A1CD-40E8-AD90-5E7CDC687524}.Debug|Any CPU.Build.0 = Debug|Any CPU
		{3A87E315-A1CD-40E8-AD90-5E7CDC687524}.Release|Any CPU.ActiveCfg = Release|Any CPU
		{3A87E315-A1CD-40E8-AD90-5E7CDC687524}.Release|Any CPU.Build.0 = Release|Any CPU
	EndGlobalSection
	GlobalSection(SolutionProperties) = preSolution
		HideSolutionNode = FALSE
	EndGlobalSection
EndGlobal
